
Microsoft Visual Studio Solution File, Format Version 12.00
Project("{FAE04EC0-301F-11D3-BF4B-00C04F79EFBC}") = "HumanResourceDictionary.MVC", "presentation/HumanResourceDictionary.MVC.csproj", "{0B4A53B7-544A-4923-B490-08A03F9AE7FA}"
EndProject
Project("{2150E333-8FDC-42A3-9474-1A3956D46DE8}") = "application", "application", "{408FDCC1-FA4B-40A8-847F-43B83946A2AE}"
EndProject
Project("{2150E333-8FDC-42A3-9474-1A3956D46DE8}") = "presentation", "presentation", "{970B0BEE-F5D9-4695-893D-28E22DF3A7C7}"
EndProject
Project("{2150E333-8FDC-42A3-9474-1A3956D46DE8}") = "persistance", "persistance", "{C8F7A045-6B88-4833-843C-0DEA7A8667A0}"
EndProject
Project("{FAE04EC0-301F-11D3-BF4B-00C04F79EFBC}") = "HumanResourceDictionary.Infrastructure", "Persistance\HumanResourceDictionary.Infrastructure\HumanResourceDictionary.Infrastructure.csproj", "{D756627F-5A69-40BB-80B8-7D1DAA7190C5}"
EndProject
Project("{FAE04EC0-301F-11D3-BF4B-00C04F79EFBC}") = "HumanResourceDictionary.Application", "Application\HumanResourceDictionary.Application\HumanResourceDictionary.Application.csproj", "{DE95916E-C75E-4F75-B21A-DAD6D46D1D16}"
EndProject
Project("{FAE04EC0-301F-11D3-BF4B-00C04F79EFBC}") = "HumanResourceDictionary.Domain", "Persistance\HumanResourceDictionary.Domain\HumanResourceDictionary.Domain.csproj", "{01B7199C-7F5C-4665-9DB9-0127B7F01721}"
EndProject
Project("{FAE04EC0-301F-11D3-BF4B-00C04F79EFBC}") = "HumanResourceDictionary.Shared", "Application\HumanResourceDictionary.Shared\HumanResourceDictionary.Shared.csproj", "{F4D00EA7-2D4A-474A-BD8A-8F87AD9FC676}"
EndProject
Global
	GlobalSection(SolutionConfigurationPlatforms) = preSolution
		Debug|Any CPU = Debug|Any CPU
		Release|Any CPU = Release|Any CPU
	EndGlobalSection
	GlobalSection(ProjectConfigurationPlatforms) = postSolution
		{0B4A53B7-544A-4923-B490-08A03F9AE7FA}.Debug|Any CPU.ActiveCfg = Debug|Any CPU
		{0B4A53B7-544A-4923-B490-08A03F9AE7FA}.Debug|Any CPU.Build.0 = Debug|Any CPU
		{0B4A53B7-544A-4923-B490-08A03F9AE7FA}.Release|Any CPU.ActiveCfg = Release|Any CPU
		{0B4A53B7-544A-4923-B490-08A03F9AE7FA}.Release|Any CPU.Build.0 = Release|Any CPU
		{D756627F-5A69-40BB-80B8-7D1DAA7190C5}.Debug|Any CPU.ActiveCfg = Debug|Any CPU
		{D756627F-5A69-40BB-80B8-7D1DAA7190C5}.Debug|Any CPU.Build.0 = Debug|Any CPU
		{D756627F-5A69-40BB-80B8-7D1DAA7190C5}.Release|Any CPU.ActiveCfg = Release|Any CPU
		{D756627F-5A69-40BB-80B8-7D1DAA7190C5}.Release|Any CPU.Build.0 = Release|Any CPU
		{DE95916E-C75E-4F75-B21A-DAD6D46D1D16}.Debug|Any CPU.ActiveCfg = Debug|Any CPU
		{DE95916E-C75E-4F75-B21A-DAD6D46D1D16}.Debug|Any CPU.Build.0 = Debug|Any CPU
		{DE95916E-C75E-4F75-B21A-DAD6D46D1D16}.Release|Any CPU.ActiveCfg = Release|Any CPU
		{DE95916E-C75E-4F75-B21A-DAD6D46D1D16}.Release|Any CPU.Build.0 = Release|Any CPU
		{01B7199C-7F5C-4665-9DB9-0127B7F01721}.Debug|Any CPU.ActiveCfg = Debug|Any CPU
		{01B7199C-7F5C-4665-9DB9-0127B7F01721}.Debug|Any CPU.Build.0 = Debug|Any CPU
		{01B7199C-7F5C-4665-9DB9-0127B7F01721}.Release|Any CPU.ActiveCfg = Release|Any CPU
		{01B7199C-7F5C-4665-9DB9-0127B7F01721}.Release|Any CPU.Build.0 = Release|Any CPU
		{F4D00EA7-2D4A-474A-BD8A-8F87AD9FC676}.Debug|Any CPU.ActiveCfg = Debug|Any CPU
		{F4D00EA7-2D4A-474A-BD8A-8F87AD9FC676}.Debug|Any CPU.Build.0 = Debug|Any CPU
		{F4D00EA7-2D4A-474A-BD8A-8F87AD9FC676}.Release|Any CPU.ActiveCfg = Release|Any CPU
		{F4D00EA7-2D4A-474A-BD8A-8F87AD9FC676}.Release|Any CPU.Build.0 = Release|Any CPU
	EndGlobalSection
	GlobalSection(NestedProjects) = preSolution
		{0B4A53B7-544A-4923-B490-08A03F9AE7FA} = {970B0BEE-F5D9-4695-893D-28E22DF3A7C7}
		{D756627F-5A69-40BB-80B8-7D1DAA7190C5} = {C8F7A045-6B88-4833-843C-0DEA7A8667A0}
		{DE95916E-C75E-4F75-B21A-DAD6D46D1D16} = {408FDCC1-FA4B-40A8-847F-43B83946A2AE}
		{01B7199C-7F5C-4665-9DB9-0127B7F01721} = {C8F7A045-6B88-4833-843C-0DEA7A8667A0}
		{F4D00EA7-2D4A-474A-BD8A-8F87AD9FC676} = {408FDCC1-FA4B-40A8-847F-43B83946A2AE}
	EndGlobalSection
EndGlobal
